// !$*UTF8*$!
{
	archiveVersion = 1;
	classes = {
	};
	objectVersion = 56;
	objects = {

/* Begin PBXBuildFile section */
		042DF3902BF759B0008EE990 /* DFS_BFS_03.swift in Sources */ = {isa = PBXBuildFile; fileRef = 042DF38F2BF759B0008EE990 /* DFS_BFS_03.swift */; };
		04606E032BE9EA45003DEBC1 /* p_02.swift in Sources */ = {isa = PBXBuildFile; fileRef = 04606E022BE9EA45003DEBC1 /* p_02.swift */; };
		04606E052BE9F995003DEBC1 /* acc_01.swift in Sources */ = {isa = PBXBuildFile; fileRef = 04606E042BE9F995003DEBC1 /* acc_01.swift */; };
		04606E072BEA0127003DEBC1 /* acc_02.swift in Sources */ = {isa = PBXBuildFile; fileRef = 04606E062BEA0127003DEBC1 /* acc_02.swift */; };
		04673BF22BEC87C300CE539A /* p_04.swift in Sources */ = {isa = PBXBuildFile; fileRef = 04673BF12BEC87C300CE539A /* p_04.swift */; };
		0477CB3C2BF6369400A3BFC8 /* DFS_BFS_02.swift in Sources */ = {isa = PBXBuildFile; fileRef = 0477CB3B2BF6369400A3BFC8 /* DFS_BFS_02.swift */; };
		04D51FE32BFB7C5700292C3D /* greedy_01.swift in Sources */ = {isa = PBXBuildFile; fileRef = 04D51FE22BFB7C5700292C3D /* greedy_01.swift */; };
		04DCFBC92BF1FB37000B1F42 /* DFS_BFS_01.swift in Sources */ = {isa = PBXBuildFile; fileRef = 04DCFBC82BF1FB37000B1F42 /* DFS_BFS_01.swift */; };
		04EDAB4E2BEB61F900E879D1 /* p_03.swift in Sources */ = {isa = PBXBuildFile; fileRef = 04EDAB4D2BEB61F900E879D1 /* p_03.swift */; };
		04F6B9352BE8BE590009E892 /* main.swift in Sources */ = {isa = PBXBuildFile; fileRef = 04F6B9342BE8BE590009E892 /* main.swift */; };
		04F6B9412BE8BEBC0009E892 /* p_01.swift in Sources */ = {isa = PBXBuildFile; fileRef = 04F6B9402BE8BEBC0009E892 /* p_01.swift */; };
/* End PBXBuildFile section */

/* Begin PBXCopyFilesBuildPhase section */
		04F6B92F2BE8BE590009E892 /* CopyFiles */ = {
			isa = PBXCopyFilesBuildPhase;
			buildActionMask = 2147483647;
			dstPath = /usr/share/man/man1/;
			dstSubfolderSpec = 0;
			files = (
			);
			runOnlyForDeploymentPostprocessing = 1;
		};
/* End PBXCopyFilesBuildPhase section */

/* Begin PBXFileReference section */
		042DF38F2BF759B0008EE990 /* DFS_BFS_03.swift */ = {isa = PBXFileReference; lastKnownFileType = sourcecode.swift; path = DFS_BFS_03.swift; sourceTree = "<group>"; };
		04606E022BE9EA45003DEBC1 /* p_02.swift */ = {isa = PBXFileReference; lastKnownFileType = sourcecode.swift; path = p_02.swift; sourceTree = "<group>"; };
		04606E042BE9F995003DEBC1 /* acc_01.swift */ = {isa = PBXFileReference; lastKnownFileType = sourcecode.swift; path = acc_01.swift; sourceTree = "<group>"; };
		04606E062BEA0127003DEBC1 /* acc_02.swift */ = {isa = PBXFileReference; lastKnownFileType = sourcecode.swift; path = acc_02.swift; sourceTree = "<group>"; };
		04673BF12BEC87C300CE539A /* p_04.swift */ = {isa = PBXFileReference; lastKnownFileType = sourcecode.swift; path = p_04.swift; sourceTree = "<group>"; };
		0477CB3B2BF6369400A3BFC8 /* DFS_BFS_02.swift */ = {isa = PBXFileReference; lastKnownFileType = sourcecode.swift; path = DFS_BFS_02.swift; sourceTree = "<group>"; };
		04D51FE22BFB7C5700292C3D /* greedy_01.swift */ = {isa = PBXFileReference; lastKnownFileType = sourcecode.swift; path = greedy_01.swift; sourceTree = "<group>"; };
		04DCFBC82BF1FB37000B1F42 /* DFS_BFS_01.swift */ = {isa = PBXFileReference; lastKnownFileType = sourcecode.swift; path = DFS_BFS_01.swift; sourceTree = "<group>"; };
		04EDAB4D2BEB61F900E879D1 /* p_03.swift */ = {isa = PBXFileReference; lastKnownFileType = sourcecode.swift; path = p_03.swift; sourceTree = "<group>"; };
		04F6B9312BE8BE590009E892 /* AlgorithmStudy */ = {isa = PBXFileReference; explicitFileType = "compiled.mach-o.executable"; includeInIndex = 0; path = AlgorithmStudy; sourceTree = BUILT_PRODUCTS_DIR; };
		04F6B9342BE8BE590009E892 /* main.swift */ = {isa = PBXFileReference; lastKnownFileType = sourcecode.swift; path = main.swift; sourceTree = "<group>"; };
		04F6B9402BE8BEBC0009E892 /* p_01.swift */ = {isa = PBXFileReference; lastKnownFileType = sourcecode.swift; path = p_01.swift; sourceTree = "<group>"; };
/* End PBXFileReference section */

/* Begin PBXFrameworksBuildPhase section */
		04F6B92E2BE8BE590009E892 /* Frameworks */ = {
			isa = PBXFrameworksBuildPhase;
			buildActionMask = 2147483647;
			files = (
			);
			runOnlyForDeploymentPostprocessing = 0;
		};
/* End PBXFrameworksBuildPhase section */

/* Begin PBXGroup section */
		04F6B9282BE8BE590009E892 = {
			isa = PBXGroup;
			children = (
				04F6B9332BE8BE590009E892 /* AlgorithmStudy */,
				04F6B9322BE8BE590009E892 /* Products */,
			);
			sourceTree = "<group>";
		};
		04F6B9322BE8BE590009E892 /* Products */ = {
			isa = PBXGroup;
			children = (
				04F6B9312BE8BE590009E892 /* AlgorithmStudy */,
			);
			name = Products;
			sourceTree = "<group>";
		};
		04F6B9332BE8BE590009E892 /* AlgorithmStudy */ = {
			isa = PBXGroup;
			children = (
				04F6B93C2BE8BE680009E892 /* week1 */,
				04F6B93D2BE8BE730009E892 /* week2 */,
				04F6B93E2BE8BE7A0009E892 /* week3 */,
				04F6B93F2BE8BE810009E892 /* week4 */,
				04F6B9342BE8BE590009E892 /* main.swift */,
			);
			path = AlgorithmStudy;
			sourceTree = "<group>";
		};
		04F6B93C2BE8BE680009E892 /* week1 */ = {
			isa = PBXGroup;
			children = (
				04F6B9402BE8BEBC0009E892 /* p_01.swift */,
				04606E022BE9EA45003DEBC1 /* p_02.swift */,
				04606E042BE9F995003DEBC1 /* acc_01.swift */,
				04606E062BEA0127003DEBC1 /* acc_02.swift */,
				04EDAB4D2BEB61F900E879D1 /* p_03.swift */,
				04673BF12BEC87C300CE539A /* p_04.swift */,
			);
			path = week1;
			sourceTree = "<group>";
		};
		04F6B93D2BE8BE730009E892 /* week2 */ = {
			isa = PBXGroup;
			children = (
				04DCFBC82BF1FB37000B1F42 /* DFS_BFS_01.swift */,
				0477CB3B2BF6369400A3BFC8 /* DFS_BFS_02.swift */,
				042DF38F2BF759B0008EE990 /* DFS_BFS_03.swift */,
			);
			path = week2;
			sourceTree = "<group>";
		};
		04F6B93E2BE8BE7A0009E892 /* week3 */ = {
			isa = PBXGroup;
			children = (
				04D51FE22BFB7C5700292C3D /* greedy_01.swift */,
			);
			path = week3;
			sourceTree = "<group>";
		};
		04F6B93F2BE8BE810009E892 /* week4 */ = {
			isa = PBXGroup;
			children = (
			);
			path = week4;
			sourceTree = "<group>";
		};
/* End PBXGroup section */

/* Begin PBXNativeTarget section */
		04F6B9302BE8BE590009E892 /* AlgorithmStudy */ = {
			isa = PBXNativeTarget;
			buildConfigurationList = 04F6B9382BE8BE590009E892 /* Build configuration list for PBXNativeTarget "AlgorithmStudy" */;
			buildPhases = (
				04F6B92D2BE8BE590009E892 /* Sources */,
				04F6B92E2BE8BE590009E892 /* Frameworks */,
				04F6B92F2BE8BE590009E892 /* CopyFiles */,
			);
			buildRules = (
			);
			dependencies = (
			);
			name = AlgorithmStudy;
			productName = AlgorithmStudy;
			productReference = 04F6B9312BE8BE590009E892 /* AlgorithmStudy */;
			productType = "com.apple.product-type.tool";
		};
/* End PBXNativeTarget section */

/* Begin PBXProject section */
		04F6B9292BE8BE590009E892 /* Project object */ = {
			isa = PBXProject;
			attributes = {
				BuildIndependentTargetsInParallel = 1;
				LastSwiftUpdateCheck = 1430;
				LastUpgradeCheck = 1430;
				TargetAttributes = {
					04F6B9302BE8BE590009E892 = {
						CreatedOnToolsVersion = 14.3;
					};
				};
			};
			buildConfigurationList = 04F6B92C2BE8BE590009E892 /* Build configuration list for PBXProject "AlgorithmStudy" */;
			compatibilityVersion = "Xcode 14.0";
			developmentRegion = en;
			hasScannedForEncodings = 0;
			knownRegions = (
				en,
				Base,
			);
			mainGroup = 04F6B9282BE8BE590009E892;
			productRefGroup = 04F6B9322BE8BE590009E892 /* Products */;
			projectDirPath = "";
			projectRoot = "";
			targets = (
				04F6B9302BE8BE590009E892 /* AlgorithmStudy */,
			);
		};
/* End PBXProject section */

/* Begin PBXSourcesBuildPhase section */
		04F6B92D2BE8BE590009E892 /* Sources */ = {
			isa = PBXSourcesBuildPhase;
			buildActionMask = 2147483647;
			files = (
				04F6B9352BE8BE590009E892 /* main.swift in Sources */,
				0477CB3C2BF6369400A3BFC8 /* DFS_BFS_02.swift in Sources */,
				04D51FE32BFB7C5700292C3D /* greedy_01.swift in Sources */,
				04F6B9412BE8BEBC0009E892 /* p_01.swift in Sources */,
				04DCFBC92BF1FB37000B1F42 /* DFS_BFS_01.swift in Sources */,
				04606E072BEA0127003DEBC1 /* acc_02.swift in Sources */,
				04606E052BE9F995003DEBC1 /* acc_01.swift in Sources */,
				04606E032BE9EA45003DEBC1 /* p_02.swift in Sources */,
				04EDAB4E2BEB61F900E879D1 /* p_03.swift in Sources */,
				042DF3902BF759B0008EE990 /* DFS_BFS_03.swift in Sources */,
				04673BF22BEC87C300CE539A /* p_04.swift in Sources */,
			);
			runOnlyForDeploymentPostprocessing = 0;
		};
/* End PBXSourcesBuildPhase section */

/* Begin XCBuildConfiguration section */
		04F6B9362BE8BE590009E892 /* Debug */ = {
			isa = XCBuildConfiguration;
			buildSettings = {
				ALWAYS_SEARCH_USER_PATHS = NO;
				CLANG_ANALYZER_NONNULL = YES;
				CLANG_ANALYZER_NUMBER_OBJECT_CONVERSION = YES_AGGRESSIVE;
				CLANG_CXX_LANGUAGE_STANDARD = "gnu++20";
				CLANG_ENABLE_MODULES = YES;
				CLANG_ENABLE_OBJC_ARC = YES;
				CLANG_ENABLE_OBJC_WEAK = YES;
				CLANG_WARN_BLOCK_CAPTURE_AUTORELEASING = YES;
				CLANG_WARN_BOOL_CONVERSION = YES;
				CLANG_WARN_COMMA = YES;
				CLANG_WARN_CONSTANT_CONVERSION = YES;
				CLANG_WARN_DEPRECATED_OBJC_IMPLEMENTATIONS = YES;
				CLANG_WARN_DIRECT_OBJC_ISA_USAGE = YES_ERROR;
				CLANG_WARN_DOCUMENTATION_COMMENTS = YES;
				CLANG_WARN_EMPTY_BODY = YES;
				CLANG_WARN_ENUM_CONVERSION = YES;
				CLANG_WARN_INFINITE_RECURSION = YES;
				CLANG_WARN_INT_CONVERSION = YES;
				CLANG_WARN_NON_LITERAL_NULL_CONVERSION = YES;
				CLANG_WARN_OBJC_IMPLICIT_RETAIN_SELF = YES;
				CLANG_WARN_OBJC_LITERAL_CONVERSION = YES;
				CLANG_WARN_OBJC_ROOT_CLASS = YES_ERROR;
				CLANG_WARN_QUOTED_INCLUDE_IN_FRAMEWORK_HEADER = YES;
				CLANG_WARN_RANGE_LOOP_ANALYSIS = YES;
				CLANG_WARN_STRICT_PROTOTYPES = YES;
				CLANG_WARN_SUSPICIOUS_MOVE = YES;
				CLANG_WARN_UNGUARDED_AVAILABILITY = YES_AGGRESSIVE;
				CLANG_WARN_UNREACHABLE_CODE = YES;
				CLANG_WARN__DUPLICATE_METHOD_MATCH = YES;
				COPY_PHASE_STRIP = NO;
				DEBUG_INFORMATION_FORMAT = dwarf;
				ENABLE_STRICT_OBJC_MSGSEND = YES;
				ENABLE_TESTABILITY = YES;
				GCC_C_LANGUAGE_STANDARD = gnu11;
				GCC_DYNAMIC_NO_PIC = NO;
				GCC_NO_COMMON_BLOCKS = YES;
				GCC_OPTIMIZATION_LEVEL = 0;
				GCC_PREPROCESSOR_DEFINITIONS = (
					"DEBUG=1",
					"$(inherited)",
				);
				GCC_WARN_64_TO_32_BIT_CONVERSION = YES;
				GCC_WARN_ABOUT_RETURN_TYPE = YES_ERROR;
				GCC_WARN_UNDECLARED_SELECTOR = YES;
				GCC_WARN_UNINITIALIZED_AUTOS = YES_AGGRESSIVE;
				GCC_WARN_UNUSED_FUNCTION = YES;
				GCC_WARN_UNUSED_VARIABLE = YES;
				MACOSX_DEPLOYMENT_TARGET = 13.3;
				MTL_ENABLE_DEBUG_INFO = INCLUDE_SOURCE;
				MTL_FAST_MATH = YES;
				ONLY_ACTIVE_ARCH = YES;
				SDKROOT = macosx;
				SWIFT_ACTIVE_COMPILATION_CONDITIONS = DEBUG;
				SWIFT_OPTIMIZATION_LEVEL = "-Onone";
			};
			name = Debug;
		};
		04F6B9372BE8BE590009E892 /* Release */ = {
			isa = XCBuildConfiguration;
			buildSettings = {
				ALWAYS_SEARCH_USER_PATHS = NO;
				CLANG_ANALYZER_NONNULL = YES;
				CLANG_ANALYZER_NUMBER_OBJECT_CONVERSION = YES_AGGRESSIVE;
				CLANG_CXX_LANGUAGE_STANDARD = "gnu++20";
				CLANG_ENABLE_MODULES = YES;
				CLANG_ENABLE_OBJC_ARC = YES;
				CLANG_ENABLE_OBJC_WEAK = YES;
				CLANG_WARN_BLOCK_CAPTURE_AUTORELEASING = YES;
				CLANG_WARN_BOOL_CONVERSION = YES;
				CLANG_WARN_COMMA = YES;
				CLANG_WARN_CONSTANT_CONVERSION = YES;
				CLANG_WARN_DEPRECATED_OBJC_IMPLEMENTATIONS = YES;
				CLANG_WARN_DIRECT_OBJC_ISA_USAGE = YES_ERROR;
				CLANG_WARN_DOCUMENTATION_COMMENTS = YES;
				CLANG_WARN_EMPTY_BODY = YES;
				CLANG_WARN_ENUM_CONVERSION = YES;
				CLANG_WARN_INFINITE_RECURSION = YES;
				CLANG_WARN_INT_CONVERSION = YES;
				CLANG_WARN_NON_LITERAL_NULL_CONVERSION = YES;
				CLANG_WARN_OBJC_IMPLICIT_RETAIN_SELF = YES;
				CLANG_WARN_OBJC_LITERAL_CONVERSION = YES;
				CLANG_WARN_OBJC_ROOT_CLASS = YES_ERROR;
				CLANG_WARN_QUOTED_INCLUDE_IN_FRAMEWORK_HEADER = YES;
				CLANG_WARN_RANGE_LOOP_ANALYSIS = YES;
				CLANG_WARN_STRICT_PROTOTYPES = YES;
				CLANG_WARN_SUSPICIOUS_MOVE = YES;
				CLANG_WARN_UNGUARDED_AVAILABILITY = YES_AGGRESSIVE;
				CLANG_WARN_UNREACHABLE_CODE = YES;
				CLANG_WARN__DUPLICATE_METHOD_MATCH = YES;
				COPY_PHASE_STRIP = NO;
				DEBUG_INFORMATION_FORMAT = "dwarf-with-dsym";
				ENABLE_NS_ASSERTIONS = NO;
				ENABLE_STRICT_OBJC_MSGSEND = YES;
				GCC_C_LANGUAGE_STANDARD = gnu11;
				GCC_NO_COMMON_BLOCKS = YES;
				GCC_WARN_64_TO_32_BIT_CONVERSION = YES;
				GCC_WARN_ABOUT_RETURN_TYPE = YES_ERROR;
				GCC_WARN_UNDECLARED_SELECTOR = YES;
				GCC_WARN_UNINITIALIZED_AUTOS = YES_AGGRESSIVE;
				GCC_WARN_UNUSED_FUNCTION = YES;
				GCC_WARN_UNUSED_VARIABLE = YES;
				MACOSX_DEPLOYMENT_TARGET = 13.3;
				MTL_ENABLE_DEBUG_INFO = NO;
				MTL_FAST_MATH = YES;
				SDKROOT = macosx;
				SWIFT_COMPILATION_MODE = wholemodule;
				SWIFT_OPTIMIZATION_LEVEL = "-O";
			};
			name = Release;
		};
		04F6B9392BE8BE590009E892 /* Debug */ = {
			isa = XCBuildConfiguration;
			buildSettings = {
				CODE_SIGN_STYLE = Automatic;
				DEVELOPMENT_TEAM = L2CW959BZ6;
				ENABLE_HARDENED_RUNTIME = YES;
				PRODUCT_NAME = "$(TARGET_NAME)";
				SWIFT_VERSION = 5.0;
			};
			name = Debug;
		};
		04F6B93A2BE8BE590009E892 /* Release */ = {
			isa = XCBuildConfiguration;
			buildSettings = {
				CODE_SIGN_STYLE = Automatic;
				DEVELOPMENT_TEAM = L2CW959BZ6;
				ENABLE_HARDENED_RUNTIME = YES;
				PRODUCT_NAME = "$(TARGET_NAME)";
				SWIFT_VERSION = 5.0;
			};
			name = Release;
		};
/* End XCBuildConfiguration section */

/* Begin XCConfigurationList section */
		04F6B92C2BE8BE590009E892 /* Build configuration list for PBXProject "AlgorithmStudy" */ = {
			isa = XCConfigurationList;
			buildConfigurations = (
				04F6B9362BE8BE590009E892 /* Debug */,
				04F6B9372BE8BE590009E892 /* Release */,
			);
			defaultConfigurationIsVisible = 0;
			defaultConfigurationName = Release;
		};
		04F6B9382BE8BE590009E892 /* Build configuration list for PBXNativeTarget "AlgorithmStudy" */ = {
			isa = XCConfigurationList;
			buildConfigurations = (
				04F6B9392BE8BE590009E892 /* Debug */,
				04F6B93A2BE8BE590009E892 /* Release */,
			);
			defaultConfigurationIsVisible = 0;
			defaultConfigurationName = Release;
		};
/* End XCConfigurationList section */
	};
	rootObject = 04F6B9292BE8BE590009E892 /* Project object */;
}
